
Microsoft Visual Studio Solution File, Format Version 12.00
# Visual Studio 15
VisualStudioVersion = 15.0.27130.2036
MinimumVisualStudioVersion = 10.0.40219.1
Project("{8BC9CEB8-8B4A-11D0-8D11-00A0C91BC942}") = "OPENCV", "OPENCV\OPENCV.vcxproj", "{51693D6B-A8B7-45B3-BC34-48B3EFBBB5C5}"
EndProject
Global
	GlobalSection(SolutionConfigurationPlatforms) = preSolution
		Debug|x64 = Debug|x64
		Debug|x86 = Debug|x86
		Release|x64 = Release|x64
		Release|x86 = Release|x86
	EndGlobalSection
	GlobalSection(ProjectConfigurationPlatforms) = postSolution
		{51693D6B-A8B7-45B3-BC34-48B3EFBBB5C5}.Debug|x64.ActiveCfg = Debug|x64
		{51693D6B-A8B7-45B3-BC34-48B3EFBBB5C5}.Debug|x64.Build.0 = Debug|x64
		{51693D6B-A8B7-45B3-BC34-48B3EFBBB5C5}.Debug|x86.ActiveCfg = Debug|Win32
		{51693D6B-A8B7-45B3-BC34-48B3EFBBB5C5}.Debug|x86.Build.0 = Debug|Win32
		{51693D6B-A8B7-45B3-BC34-48B3EFBBB5C5}.Release|x64.ActiveCfg = Release|x64
		{51693D6B-A8B7-45B3-BC34-48B3EFBBB5C5}.Release|x64.Build.0 = Release|x64
		{51693D6B-A8B7-45B3-BC34-48B3EFBBB5C5}.Release|x86.ActiveCfg = Release|Win32
		{51693D6B-A8B7-45B3-BC34-48B3EFBBB5C5}.Release|x86.Build.0 = Release|Win32
	EndGlobalSection
	GlobalSection(SolutionProperties) = preSolution
		HideSolutionNode = FALSE
	EndGlobalSection
	GlobalSection(ExtensibilityGlobals) = postSolution
		SolutionGuid = {5C089B0D-3A3D-455C-875D-1ECD6F32EB34}
	EndGlobalSection
EndGlobal
